// !$*UTF8*$!
{
	archiveVersion = 1;
	classes = {
	};
	objectVersion = 77;
	objects = {

/* Begin PBXBuildFile section */
		BE1945832DDE1816006C94BA /* AppDelegate.swift in Sources */ = {isa = PBXBuildFile; fileRef = BE1945772DDE1816006C94BA /* AppDelegate.swift */; };
		BE1945842DDE1816006C94BA /* SceneDelegate.swift in Sources */ = {isa = PBXBuildFile; fileRef = BE19457E2DDE1816006C94BA /* SceneDelegate.swift */; };
		BE1945852DDE1816006C94BA /* SpeechToSpeechWithGPT.xcdatamodeld in Sources */ = {isa = PBXBuildFile; fileRef = BE19457F2DDE1816006C94BA /* SpeechToSpeechWithGPT.xcdatamodeld */; };
		BE1945872DDE1816006C94BA /* Assets.xcassets in Resources */ = {isa = PBXBuildFile; fileRef = BE1945782DDE1816006C94BA /* Assets.xcassets */; };
		BE1945892DDE1816006C94BA /* LaunchScreen.storyboard in Resources */ = {isa = PBXBuildFile; fileRef = BE19457B2DDE1816006C94BA /* LaunchScreen.storyboard */; };
		BE1945902DDE1843006C94BA /* SpeechToSpeechVC.swift in Sources */ = {isa = PBXBuildFile; fileRef = BE19458E2DDE1843006C94BA /* SpeechToSpeechVC.swift */; };
		BE1945912DDE1843006C94BA /* SpeechToSpeechVC.storyboard in Resources */ = {isa = PBXBuildFile; fileRef = BE19458D2DDE1843006C94BA /* SpeechToSpeechVC.storyboard */; };
/* End PBXBuildFile section */

/* Begin PBXFileReference section */
		BE19455C2DDE180E006C94BA /* SpeechToSpeechWithGPT.app */ = {isa = PBXFileReference; explicitFileType = wrapper.application; includeInIndex = 0; path = SpeechToSpeechWithGPT.app; sourceTree = BUILT_PRODUCTS_DIR; };
		BE1945772DDE1816006C94BA /* AppDelegate.swift */ = {isa = PBXFileReference; lastKnownFileType = sourcecode.swift; path = AppDelegate.swift; sourceTree = "<group>"; };
		BE1945782DDE1816006C94BA /* Assets.xcassets */ = {isa = PBXFileReference; lastKnownFileType = folder.assetcatalog; path = Assets.xcassets; sourceTree = "<group>"; };
		BE1945792DDE1816006C94BA /* Info.plist */ = {isa = PBXFileReference; lastKnownFileType = text.plist.xml; path = Info.plist; sourceTree = "<group>"; };
		BE19457A2DDE1816006C94BA /* Base */ = {isa = PBXFileReference; lastKnownFileType = file.storyboard; name = Base; path = Base.lproj/LaunchScreen.storyboard; sourceTree = "<group>"; };
		BE19457E2DDE1816006C94BA /* SceneDelegate.swift */ = {isa = PBXFileReference; lastKnownFileType = sourcecode.swift; path = SceneDelegate.swift; sourceTree = "<group>"; };
		BE1945822DDE1816006C94BA /* SpeechToSpeechWithGPT.xcdatamodel */ = {isa = PBXFileReference; lastKnownFileType = wrapper.xcdatamodel; path = SpeechToSpeechWithGPT.xcdatamodel; sourceTree = "<group>"; };
		BE19458D2DDE1843006C94BA /* SpeechToSpeechVC.storyboard */ = {isa = PBXFileReference; lastKnownFileType = file.storyboard; path = SpeechToSpeechVC.storyboard; sourceTree = "<group>"; };
		BE19458E2DDE1843006C94BA /* SpeechToSpeechVC.swift */ = {isa = PBXFileReference; lastKnownFileType = sourcecode.swift; path = SpeechToSpeechVC.swift; sourceTree = "<group>"; };
/* End PBXFileReference section */

/* Begin PBXFrameworksBuildPhase section */
		BE1945592DDE180E006C94BA /* Frameworks */ = {
			isa = PBXFrameworksBuildPhase;
			buildActionMask = 2147483647;
			files = (
			);
			runOnlyForDeploymentPostprocessing = 0;
		};
/* End PBXFrameworksBuildPhase section */

/* Begin PBXGroup section */
		BE1945532DDE180E006C94BA = {
			isa = PBXGroup;
			children = (
				BE1945812DDE1816006C94BA /* SpeechToSpeechWithGPT */,
				BE19455D2DDE180E006C94BA /* Products */,
			);
			sourceTree = "<group>";
		};
		BE19455D2DDE180E006C94BA /* Products */ = {
			isa = PBXGroup;
			children = (
				BE19455C2DDE180E006C94BA /* SpeechToSpeechWithGPT.app */,
			);
			name = Products;
			sourceTree = "<group>";
		};
		BE1945812DDE1816006C94BA /* SpeechToSpeechWithGPT */ = {
			isa = PBXGroup;
			children = (
				BE19458B2DDE181E006C94BA /* System */,
				BE19458F2DDE1843006C94BA /* SpeechToSpeech */,
				BE1945782DDE1816006C94BA /* Assets.xcassets */,
				BE1945792DDE1816006C94BA /* Info.plist */,
				BE19457B2DDE1816006C94BA /* LaunchScreen.storyboard */,
				BE19457F2DDE1816006C94BA /* SpeechToSpeechWithGPT.xcdatamodeld */,
			);
			path = SpeechToSpeechWithGPT;
			sourceTree = "<group>";
		};
		BE19458B2DDE181E006C94BA /* System */ = {
			isa = PBXGroup;
			children = (
				BE19457E2DDE1816006C94BA /* SceneDelegate.swift */,
				BE1945772DDE1816006C94BA /* AppDelegate.swift */,
			);
			path = System;
			sourceTree = "<group>";
		};
		BE19458F2DDE1843006C94BA /* SpeechToSpeech */ = {
			isa = PBXGroup;
			children = (
				BE19458D2DDE1843006C94BA /* SpeechToSpeechVC.storyboard */,
				BE19458E2DDE1843006C94BA /* SpeechToSpeechVC.swift */,
			);
			path = SpeechToSpeech;
			sourceTree = "<group>";
		};
/* End PBXGroup section */

/* Begin PBXNativeTarget section */
		BE19455B2DDE180E006C94BA /* SpeechToSpeechWithGPT */ = {
			isa = PBXNativeTarget;
			buildConfigurationList = BE1945722DDE1810006C94BA /* Build configuration list for PBXNativeTarget "SpeechToSpeechWithGPT" */;
			buildPhases = (
				BE1945582DDE180E006C94BA /* Sources */,
				BE1945592DDE180E006C94BA /* Frameworks */,
				BE19455A2DDE180E006C94BA /* Resources */,
			);
			buildRules = (
			);
			dependencies = (
			);
			name = SpeechToSpeechWithGPT;
			packageProductDependencies = (
			);
			productName = SpeechToSpeechWithGPT;
			productReference = BE19455C2DDE180E006C94BA /* SpeechToSpeechWithGPT.app */;
			productType = "com.apple.product-type.application";
		};
/* End PBXNativeTarget section */

/* Begin PBXProject section */
		BE1945542DDE180E006C94BA /* Project object */ = {
			isa = PBXProject;
			attributes = {
				BuildIndependentTargetsInParallel = 1;
				LastSwiftUpdateCheck = 1610;
				LastUpgradeCheck = 1610;
				TargetAttributes = {
					BE19455B2DDE180E006C94BA = {
						CreatedOnToolsVersion = 16.1;
					};
				};
			};
			buildConfigurationList = BE1945572DDE180E006C94BA /* Build configuration list for PBXProject "SpeechToSpeechWithGPT" */;
			developmentRegion = en;
			hasScannedForEncodings = 0;
			knownRegions = (
				en,
				Base,
			);
			mainGroup = BE1945532DDE180E006C94BA;
			minimizedProjectReferenceProxies = 1;
			preferredProjectObjectVersion = 77;
			productRefGroup = BE19455D2DDE180E006C94BA /* Products */;
			projectDirPath = "";
			projectRoot = "";
			targets = (
				BE19455B2DDE180E006C94BA /* SpeechToSpeechWithGPT */,
			);
		};
/* End PBXProject section */

/* Begin PBXResourcesBuildPhase section */
		BE19455A2DDE180E006C94BA /* Resources */ = {
			isa = PBXResourcesBuildPhase;
			buildActionMask = 2147483647;
			files = (
				BE1945912DDE1843006C94BA /* SpeechToSpeechVC.storyboard in Resources */,
				BE1945872DDE1816006C94BA /* Assets.xcassets in Resources */,
				BE1945892DDE1816006C94BA /* LaunchScreen.storyboard in Resources */,
			);
			runOnlyForDeploymentPostprocessing = 0;
		};
/* End PBXResourcesBuildPhase section */

/* Begin PBXSourcesBuildPhase section */
		BE1945582DDE180E006C94BA /* Sources */ = {
			isa = PBXSourcesBuildPhase;
			buildActionMask = 2147483647;
			files = (
				BE1945832DDE1816006C94BA /* AppDelegate.swift in Sources */,
				BE1945902DDE1843006C94BA /* SpeechToSpeechVC.swift in Sources */,
				BE1945842DDE1816006C94BA /* SceneDelegate.swift in Sources */,
				BE1945852DDE1816006C94BA /* SpeechToSpeechWithGPT.xcdatamodeld in Sources */,
			);
			runOnlyForDeploymentPostprocessing = 0;
		};
/* End PBXSourcesBuildPhase section */

/* Begin PBXVariantGroup section */
		BE19457B2DDE1816006C94BA /* LaunchScreen.storyboard */ = {
			isa = PBXVariantGroup;
			children = (
				BE19457A2DDE1816006C94BA /* Base */,
			);
			name = LaunchScreen.storyboard;
			sourceTree = "<group>";
		};
/* End PBXVariantGroup section */

/* Begin XCBuildConfiguration section */
		BE1945732DDE1810006C94BA /* Debug */ = {
			isa = XCBuildConfiguration;
			buildSettings = {
				ASSETCATALOG_COMPILER_APPICON_NAME = AppIcon;
				ASSETCATALOG_COMPILER_GLOBAL_ACCENT_COLOR_NAME = AccentColor;
				CODE_SIGN_STYLE = Automatic;
				CURRENT_PROJECT_VERSION = 1;
				DEVELOPMENT_TEAM = 6A3422XNLB;
				GENERATE_INFOPLIST_FILE = YES;
				INFOPLIST_FILE = SpeechToSpeechWithGPT/Info.plist;
				INFOPLIST_KEY_NSMicrophoneUsageDescription = "We need access to your microphone to record audio";
				INFOPLIST_KEY_NSSpeechRecognitionUsageDescription = "We need access to recognize your speech for transcription";
				INFOPLIST_KEY_UIApplicationSupportsIndirectInputEvents = YES;
				INFOPLIST_KEY_UILaunchStoryboardName = LaunchScreen;
				INFOPLIST_KEY_UIMainStoryboardFile = SpeechToSpeechVC;
				INFOPLIST_KEY_UISupportedInterfaceOrientations_iPad = "UIInterfaceOrientationPortrait UIInterfaceOrientationPortraitUpsideDown UIInterfaceOrientationLandscapeLeft UIInterfaceOrientationLandscapeRight";
				INFOPLIST_KEY_UISupportedInterfaceOrientations_iPhone = "UIInterfaceOrientationPortrait UIInterfaceOrientationLandscapeLeft UIInterfaceOrientationLandscapeRight";
				LD_RUNPATH_SEARCH_PATHS = (
					"$(inherited)",
					"@executable_path/Frameworks",
				);
				MARKETING_VERSION = 1.0;
				PRODUCT_BUNDLE_IDENTIFIER = com.murad.aihomewrok;
				PRODUCT_NAME = "$(TARGET_NAME)";
				SWIFT_EMIT_LOC_STRINGS = YES;
				SWIFT_VERSION = 5.0;
				TARGETED_DEVICE_FAMILY = "1,2";
			};
			name = Debug;
		};
		BE1945742DDE1810006C94BA /* Release */ = {
			isa = XCBuildConfiguration;
			buildSettings = {
				ASSETCATALOG_COMPILER_APPICON_NAME = AppIcon;
				ASSETCATALOG_COMPILER_GLOBAL_ACCENT_COLOR_NAME = AccentColor;
				CODE_SIGN_STYLE = Automatic;
				CURRENT_PROJECT_VERSION = 1;
				DEVELOPMENT_TEAM = 6A3422XNLB;
				GENERATE_INFOPLIST_FILE = YES;
				INFOPLIST_FILE = SpeechToSpeechWithGPT/Info.plist;
				INFOPLIST_KEY_NSMicrophoneUsageDescription = "We need access to your microphone to record audio";
				INFOPLIST_KEY_NSSpeechRecognitionUsageDescription = "We need access to recognize your speech for transcription";
				INFOPLIST_KEY_UIApplicationSupportsIndirectInputEvents = YES;
				INFOPLIST_KEY_UILaunchStoryboardName = LaunchScreen;
				INFOPLIST_KEY_UIMainStoryboardFile = SpeechToSpeechVC;
				INFOPLIST_KEY_UISupportedInterfaceOrientations_iPad = "UIInterfaceOrientationPortrait UIInterfaceOrientationPortraitUpsideDown UIInterfaceOrientationLandscapeLeft UIInterfaceOrientationLandscapeRight";
				INFOPLIST_KEY_UISupportedInterfaceOrientations_iPhone = "UIInterfaceOrientationPortrait UIInterfaceOrientationLandscapeLeft UIInterfaceOrientationLandscapeRight";
				LD_RUNPATH_SEARCH_PATHS = (
					"$(inherited)",
					"@executable_path/Frameworks",
				);
				MARKETING_VERSION = 1.0;
				PRODUCT_BUNDLE_IDENTIFIER = com.murad.aihomewrok;
				PRODUCT_NAME = "$(TARGET_NAME)";
				SWIFT_EMIT_LOC_STRINGS = YES;
				SWIFT_VERSION = 5.0;
				TARGETED_DEVICE_FAMILY = "1,2";
			};
			name = Release;
		};
		BE1945752DDE1810006C94BA /* Debug */ = {
			isa = XCBuildConfiguration;
			buildSettings = {
				ALWAYS_SEARCH_USER_PATHS = NO;
				ASSETCATALOG_COMPILER_GENERATE_SWIFT_ASSET_SYMBOL_EXTENSIONS = YES;
				CLANG_ANALYZER_NONNULL = YES;
				CLANG_ANALYZER_NUMBER_OBJECT_CONVERSION = YES_AGGRESSIVE;
				CLANG_CXX_LANGUAGE_STANDARD = "gnu++20";
				CLANG_ENABLE_MODULES = YES;
				CLANG_ENABLE_OBJC_ARC = YES;
				CLANG_ENABLE_OBJC_WEAK = YES;
				CLANG_WARN_BLOCK_CAPTURE_AUTORELEASING = YES;
				CLANG_WARN_BOOL_CONVERSION = YES;
				CLANG_WARN_COMMA = YES;
				CLANG_WARN_CONSTANT_CONVERSION = YES;
				CLANG_WARN_DEPRECATED_OBJC_IMPLEMENTATIONS = YES;
				CLANG_WARN_DIRECT_OBJC_ISA_USAGE = YES_ERROR;
				CLANG_WARN_DOCUMENTATION_COMMENTS = YES;
				CLANG_WARN_EMPTY_BODY = YES;
				CLANG_WARN_ENUM_CONVERSION = YES;
				CLANG_WARN_INFINITE_RECURSION = YES;
				CLANG_WARN_INT_CONVERSION = YES;
				CLANG_WARN_NON_LITERAL_NULL_CONVERSION = YES;
				CLANG_WARN_OBJC_IMPLICIT_RETAIN_SELF = YES;
				CLANG_WARN_OBJC_LITERAL_CONVERSION = YES;
				CLANG_WARN_OBJC_ROOT_CLASS = YES_ERROR;
				CLANG_WARN_QUOTED_INCLUDE_IN_FRAMEWORK_HEADER = YES;
				CLANG_WARN_RANGE_LOOP_ANALYSIS = YES;
				CLANG_WARN_STRICT_PROTOTYPES = YES;
				CLANG_WARN_SUSPICIOUS_MOVE = YES;
				CLANG_WARN_UNGUARDED_AVAILABILITY = YES_AGGRESSIVE;
				CLANG_WARN_UNREACHABLE_CODE = YES;
				CLANG_WARN__DUPLICATE_METHOD_MATCH = YES;
				COPY_PHASE_STRIP = NO;
				DEBUG_INFORMATION_FORMAT = dwarf;
				ENABLE_STRICT_OBJC_MSGSEND = YES;
				ENABLE_TESTABILITY = YES;
				ENABLE_USER_SCRIPT_SANDBOXING = YES;
				GCC_C_LANGUAGE_STANDARD = gnu17;
				GCC_DYNAMIC_NO_PIC = NO;
				GCC_NO_COMMON_BLOCKS = YES;
				GCC_OPTIMIZATION_LEVEL = 0;
				GCC_PREPROCESSOR_DEFINITIONS = (
					"DEBUG=1",
					"$(inherited)",
				);
				GCC_WARN_64_TO_32_BIT_CONVERSION = YES;
				GCC_WARN_ABOUT_RETURN_TYPE = YES_ERROR;
				GCC_WARN_UNDECLARED_SELECTOR = YES;
				GCC_WARN_UNINITIALIZED_AUTOS = YES_AGGRESSIVE;
				GCC_WARN_UNUSED_FUNCTION = YES;
				GCC_WARN_UNUSED_VARIABLE = YES;
				IPHONEOS_DEPLOYMENT_TARGET = 18.1;
				LOCALIZATION_PREFERS_STRING_CATALOGS = YES;
				MTL_ENABLE_DEBUG_INFO = INCLUDE_SOURCE;
				MTL_FAST_MATH = YES;
				ONLY_ACTIVE_ARCH = YES;
				SDKROOT = iphoneos;
				SWIFT_ACTIVE_COMPILATION_CONDITIONS = "DEBUG $(inherited)";
				SWIFT_OPTIMIZATION_LEVEL = "-Onone";
			};
			name = Debug;
		};
		BE1945762DDE1810006C94BA /* Release */ = {
			isa = XCBuildConfiguration;
			buildSettings = {
				ALWAYS_SEARCH_USER_PATHS = NO;
				ASSETCATALOG_COMPILER_GENERATE_SWIFT_ASSET_SYMBOL_EXTENSIONS = YES;
				CLANG_ANALYZER_NONNULL = YES;
				CLANG_ANALYZER_NUMBER_OBJECT_CONVERSION = YES_AGGRESSIVE;
				CLANG_CXX_LANGUAGE_STANDARD = "gnu++20";
				CLANG_ENABLE_MODULES = YES;
				CLANG_ENABLE_OBJC_ARC = YES;
				CLANG_ENABLE_OBJC_WEAK = YES;
				CLANG_WARN_BLOCK_CAPTURE_AUTORELEASING = YES;
				CLANG_WARN_BOOL_CONVERSION = YES;
				CLANG_WARN_COMMA = YES;
				CLANG_WARN_CONSTANT_CONVERSION = YES;
				CLANG_WARN_DEPRECATED_OBJC_IMPLEMENTATIONS = YES;
				CLANG_WARN_DIRECT_OBJC_ISA_USAGE = YES_ERROR;
				CLANG_WARN_DOCUMENTATION_COMMENTS = YES;
				CLANG_WARN_EMPTY_BODY = YES;
				CLANG_WARN_ENUM_CONVERSION = YES;
				CLANG_WARN_INFINITE_RECURSION = YES;
				CLANG_WARN_INT_CONVERSION = YES;
				CLANG_WARN_NON_LITERAL_NULL_CONVERSION = YES;
				CLANG_WARN_OBJC_IMPLICIT_RETAIN_SELF = YES;
				CLANG_WARN_OBJC_LITERAL_CONVERSION = YES;
				CLANG_WARN_OBJC_ROOT_CLASS = YES_ERROR;
				CLANG_WARN_QUOTED_INCLUDE_IN_FRAMEWORK_HEADER = YES;
				CLANG_WARN_RANGE_LOOP_ANALYSIS = YES;
				CLANG_WARN_STRICT_PROTOTYPES = YES;
				CLANG_WARN_SUSPICIOUS_MOVE = YES;
				CLANG_WARN_UNGUARDED_AVAILABILITY = YES_AGGRESSIVE;
				CLANG_WARN_UNREACHABLE_CODE = YES;
				CLANG_WARN__DUPLICATE_METHOD_MATCH = YES;
				COPY_PHASE_STRIP = NO;
				DEBUG_INFORMATION_FORMAT = "dwarf-with-dsym";
				ENABLE_NS_ASSERTIONS = NO;
				ENABLE_STRICT_OBJC_MSGSEND = YES;
				ENABLE_USER_SCRIPT_SANDBOXING = YES;
				GCC_C_LANGUAGE_STANDARD = gnu17;
				GCC_NO_COMMON_BLOCKS = YES;
				GCC_WARN_64_TO_32_BIT_CONVERSION = YES;
				GCC_WARN_ABOUT_RETURN_TYPE = YES_ERROR;
				GCC_WARN_UNDECLARED_SELECTOR = YES;
				GCC_WARN_UNINITIALIZED_AUTOS = YES_AGGRESSIVE;
				GCC_WARN_UNUSED_FUNCTION = YES;
				GCC_WARN_UNUSED_VARIABLE = YES;
				IPHONEOS_DEPLOYMENT_TARGET = 18.1;
				LOCALIZATION_PREFERS_STRING_CATALOGS = YES;
				MTL_ENABLE_DEBUG_INFO = NO;
				MTL_FAST_MATH = YES;
				SDKROOT = iphoneos;
				SWIFT_COMPILATION_MODE = wholemodule;
				VALIDATE_PRODUCT = YES;
			};
			name = Release;
		};
/* End XCBuildConfiguration section */

/* Begin XCConfigurationList section */
		BE1945572DDE180E006C94BA /* Build configuration list for PBXProject "SpeechToSpeechWithGPT" */ = {
			isa = XCConfigurationList;
			buildConfigurations = (
				BE1945752DDE1810006C94BA /* Debug */,
				BE1945762DDE1810006C94BA /* Release */,
			);
			defaultConfigurationIsVisible = 0;
			defaultConfigurationName = Release;
		};
		BE1945722DDE1810006C94BA /* Build configuration list for PBXNativeTarget "SpeechToSpeechWithGPT" */ = {
			isa = XCConfigurationList;
			buildConfigurations = (
				BE1945732DDE1810006C94BA /* Debug */,
				BE1945742DDE1810006C94BA /* Release */,
			);
			defaultConfigurationIsVisible = 0;
			defaultConfigurationName = Release;
		};
/* End XCConfigurationList section */

/* Begin XCVersionGroup section */
		BE19457F2DDE1816006C94BA /* SpeechToSpeechWithGPT.xcdatamodeld */ = {
			isa = XCVersionGroup;
			children = (
				BE1945822DDE1816006C94BA /* SpeechToSpeechWithGPT.xcdatamodel */,
			);
			currentVersion = BE1945822DDE1816006C94BA /* SpeechToSpeechWithGPT.xcdatamodel */;
			path = SpeechToSpeechWithGPT.xcdatamodeld;
			sourceTree = "<group>";
			versionGroupType = wrapper.xcdatamodel;
		};
/* End XCVersionGroup section */
	};
	rootObject = BE1945542DDE180E006C94BA /* Project object */;
}
